
Microsoft Visual Studio Solution File, Format Version 12.00
Project("{FAE04EC0-301F-11D3-BF4B-00C04F79EFBC}") = "CosId.Proxy", "src\CosId.Proxy\CosId.Proxy.csproj", "{E2DE7811-E8BC-4D68-8FC6-2B9FA338B710}"
EndProject
Project("{FAE04EC0-301F-11D3-BF4B-00C04F79EFBC}") = "CosId", "src\CosId\CosId.csproj", "{01FBBD51-E736-48AB-B9DE-596E31F87581}"
EndProject
Project("{FAE04EC0-301F-11D3-BF4B-00C04F79EFBC}") = "CosId.Proxy.Tests", "test\CosId.Proxy.Tests\CosId.Proxy.Tests.csproj", "{D4B0CFAB-E67B-45BC-BE14-72668284362A}"
EndProject
Project("{FAE04EC0-301F-11D3-BF4B-00C04F79EFBC}") = "CosId.Tests", "test\CosId.Tests\CosId.Tests.csproj", "{561F57A5-8321-47F6-8770-71DA57934537}"
EndProject
Project("{2150E333-8FDC-42A3-9474-1A3956D46DE8}") = "Proxy", "Proxy", "{6C7BEC68-AB2D-47C7-B817-CE234FBB9300}"
EndProject
Project("{2150E333-8FDC-42A3-9474-1A3956D46DE8}") = "Core", "Core", "{C1D53F40-2302-474B-ABA4-567FC26423B8}"
EndProject
Project("{2150E333-8FDC-42A3-9474-1A3956D46DE8}") = "Benchmark", "Benchmark", "{6145E71D-9A18-4680-8BDB-185ED036B23A}"
EndProject
Project("{FAE04EC0-301F-11D3-BF4B-00C04F79EFBC}") = "CosId.Benchmarks", "test\CosId.Benchmarks\CosId.Benchmarks.csproj", "{05F614B5-D892-4DCD-87C7-8B24731418DA}"
EndProject
Global
	GlobalSection(SolutionConfigurationPlatforms) = preSolution
		Debug|Any CPU = Debug|Any CPU
		Release|Any CPU = Release|Any CPU
	EndGlobalSection
	GlobalSection(ProjectConfigurationPlatforms) = postSolution
		{E2DE7811-E8BC-4D68-8FC6-2B9FA338B710}.Debug|Any CPU.ActiveCfg = Debug|Any CPU
		{E2DE7811-E8BC-4D68-8FC6-2B9FA338B710}.Debug|Any CPU.Build.0 = Debug|Any CPU
		{E2DE7811-E8BC-4D68-8FC6-2B9FA338B710}.Release|Any CPU.ActiveCfg = Release|Any CPU
		{E2DE7811-E8BC-4D68-8FC6-2B9FA338B710}.Release|Any CPU.Build.0 = Release|Any CPU
		{01FBBD51-E736-48AB-B9DE-596E31F87581}.Debug|Any CPU.ActiveCfg = Debug|Any CPU
		{01FBBD51-E736-48AB-B9DE-596E31F87581}.Debug|Any CPU.Build.0 = Debug|Any CPU
		{01FBBD51-E736-48AB-B9DE-596E31F87581}.Release|Any CPU.ActiveCfg = Release|Any CPU
		{01FBBD51-E736-48AB-B9DE-596E31F87581}.Release|Any CPU.Build.0 = Release|Any CPU
		{D4B0CFAB-E67B-45BC-BE14-72668284362A}.Debug|Any CPU.ActiveCfg = Debug|Any CPU
		{D4B0CFAB-E67B-45BC-BE14-72668284362A}.Debug|Any CPU.Build.0 = Debug|Any CPU
		{D4B0CFAB-E67B-45BC-BE14-72668284362A}.Release|Any CPU.ActiveCfg = Release|Any CPU
		{D4B0CFAB-E67B-45BC-BE14-72668284362A}.Release|Any CPU.Build.0 = Release|Any CPU
		{561F57A5-8321-47F6-8770-71DA57934537}.Debug|Any CPU.ActiveCfg = Debug|Any CPU
		{561F57A5-8321-47F6-8770-71DA57934537}.Debug|Any CPU.Build.0 = Debug|Any CPU
		{561F57A5-8321-47F6-8770-71DA57934537}.Release|Any CPU.ActiveCfg = Release|Any CPU
		{561F57A5-8321-47F6-8770-71DA57934537}.Release|Any CPU.Build.0 = Release|Any CPU
		{05F614B5-D892-4DCD-87C7-8B24731418DA}.Debug|Any CPU.ActiveCfg = Debug|Any CPU
		{05F614B5-D892-4DCD-87C7-8B24731418DA}.Debug|Any CPU.Build.0 = Debug|Any CPU
		{05F614B5-D892-4DCD-87C7-8B24731418DA}.Release|Any CPU.ActiveCfg = Release|Any CPU
		{05F614B5-D892-4DCD-87C7-8B24731418DA}.Release|Any CPU.Build.0 = Release|Any CPU
	EndGlobalSection
	GlobalSection(NestedProjects) = preSolution
		{D4B0CFAB-E67B-45BC-BE14-72668284362A} = {6C7BEC68-AB2D-47C7-B817-CE234FBB9300}
		{E2DE7811-E8BC-4D68-8FC6-2B9FA338B710} = {6C7BEC68-AB2D-47C7-B817-CE234FBB9300}
		{561F57A5-8321-47F6-8770-71DA57934537} = {C1D53F40-2302-474B-ABA4-567FC26423B8}
		{01FBBD51-E736-48AB-B9DE-596E31F87581} = {C1D53F40-2302-474B-ABA4-567FC26423B8}
		{05F614B5-D892-4DCD-87C7-8B24731418DA} = {6145E71D-9A18-4680-8BDB-185ED036B23A}
	EndGlobalSection
EndGlobal
